<?xml version="1.0" encoding="utf-8"?>
<Project ToolsVersion="4.0" xmlns="http://schemas.microsoft.com/developer/msbuild/2003">
  <ItemGroup>
    <Filter Include="Source Files">
      <UniqueIdentifier>{4FC737F1-C7A5-4376-A066-2A32D752A2FF}</UniqueIdentifier>
      <Extensions>cpp;c;cc;cxx;def;odl;idl;hpj;bat;asm;asmx</Extensions>
    </Filter>
    <Filter Include="Header Files">
      <UniqueIdentifier>{93995380-89BD-4b04-88EB-625FBE52EBFB}</UniqueIdentifier>
      <Extensions>h;hh;hpp;hxx;hm;inl;inc;xsd</Extensions>
    </Filter>
    <Filter Include="Resource Files">
      <UniqueIdentifier>{67DA6AB6-F800-4c08-8B7A-83BB121AAD01}</UniqueIdentifier>
      <Extensions>rc;ico;cur;bmp;dlg;rc2;rct;bin;rgs;gif;jpg;jpeg;jpe;resx;tiff;tif;png;wav</Extensions>
    </Filter>
  </ItemGroup>
  <ItemGroup>
    <ClCompile Include="src\bitboard.cpp">
      <Filter>Source Files</Filter>
    </ClCompile>
    <ClCompile Include="src\bitgen.cpp">
      <Filter>Source Files</Filter>
    </ClCompile>
    <ClCompile Include="src\eval.cpp">
      <Filter>Source Files</Filter>
    </ClCompile>
    <ClCompile Include="src\gen.cpp">
      <Filter>Source Files</Filter>
    </ClCompile>
    <ClCompile Include="src\history.cpp">
      <Filter>Source Files</Filter>
    </ClCompile>
    <ClCompile Include="src\list.cpp">
      <Filter>Source Files</Filter>
    </ClCompile>
    <ClCompile Include="src\main.cpp">
      <Filter>Source Files</Filter>
    </ClCompile>
    <ClCompile Include="src\mask.cpp">
      <Filter>Source Files</Filter>
    </ClCompile>
    <ClCompile Include="src\move.cpp">
      <Filter>Source Files</Filter>
    </ClCompile>
    <ClCompile Include="src\movedo.cpp">
      <Filter>Source Files</Filter>
    </ClCompile>
    <ClCompile Include="src\moveundo.cpp">
      <Filter>Source Files</Filter>
    </ClCompile>
    <ClCompile Include="src\piece.cpp">
      <Filter>Source Files</Filter>
    </ClCompile>
    <ClCompile Include="src\position.cpp">
      <Filter>Source Files</Filter>
    </ClCompile>
    <ClCompile Include="src\pst.cpp">
      <Filter>Source Files</Filter>
    </ClCompile>
    <ClCompile Include="src\quiesce.cpp">
      <Filter>Source Files</Filter>
    </ClCompile>
    <ClCompile Include="src\root.cpp">
      <Filter>Source Files</Filter>
    </ClCompile>
    <ClCompile Include="src\search.cpp">
      <Filter>Source Files</Filter>
    </ClCompile>
    <ClCompile Include="src\square.cpp">
      <Filter>Source Files</Filter>
    </ClCompile>
    <ClCompile Include="src\timer.cpp">
      <Filter>Source Files</Filter>
    </ClCompile>
    <ClCompile Include="src\trans.cpp">
      <Filter>Source Files</Filter>
    </ClCompile>
    <ClCompile Include="src\uci.cpp">
      <Filter>Source Files</Filter>
    </ClCompile>
    <ClCompile Include="src\util.cpp">
      <Filter>Source Files</Filter>
    </ClCompile>
    <ClCompile Include="src\diagnostics.cpp">
      <Filter>Source Files</Filter>
    </ClCompile>
    <ClCompile Include="src\evaldata.cpp">
      <Filter>Source Files</Filter>
    </ClCompile>
    <ClCompile Include="src\hashkeys.cpp">
      <Filter>Source Files</Filter>
    </ClCompile>
    <ClCompile Include="src\endgame.cpp">
      <Filter>Source Files</Filter>
    </ClCompile>
    <ClCompile Include="src\badcapture.cpp">
      <Filter>Source Files</Filter>
    </ClCompile>
    <ClCompile Include="src\lmr.cpp">
      <Filter>Source Files</Filter>
    </ClCompile>
    <ClCompile Include="src\pv.cpp">
      <Filter>Source Files</Filter>
    </ClCompile>
    <ClCompile Include="src\position_getters.cpp">
      <Filter>Source Files</Filter>
    </ClCompile>
    <ClCompile Include="src\evalhash.cpp">
      <Filter>Source Files</Filter>
    </ClCompile>
    <ClCompile Include="src\legality.cpp">
      <Filter>Source Files</Filter>
    </ClCompile>
    <ClCompile Include="src\movepicker.cpp">
      <Filter>Source Files</Filter>
    </ClCompile>
    <ClCompile Include="src\position_detectors.cpp">
      <Filter>Source Files</Filter>
    </ClCompile>
    <ClCompile Include="src\popcnt.cpp">
      <Filter>Source Files</Filter>
    </ClCompile>
  </ItemGroup>
  <ItemGroup>
    <ClInclude Include="src\eval.h">
      <Filter>Header Files</Filter>
    </ClInclude>
    <ClInclude Include="src\timer.h">
      <Filter>Header Files</Filter>
    </ClInclude>
    <ClInclude Include="src\publius.h">
      <Filter>Header Files</Filter>
    </ClInclude>
    <ClInclude Include="src\uci.h">
      <Filter>Header Files</Filter>
    </ClInclude>
    <ClInclude Include="src\bitboard.h">
      <Filter>Header Files</Filter>
    </ClInclude>
    <ClInclude Include="src\mask.h">
      <Filter>Header Files</Filter>
    </ClInclude>
    <ClInclude Include="src\history.h">
      <Filter>Header Files</Filter>
    </ClInclude>
    <ClInclude Include="src\trans.h">
      <Filter>Header Files</Filter>
    </ClInclude>
    <ClInclude Include="src\bitgen.h">
      <Filter>Header Files</Filter>
    </ClInclude>
    <ClInclude Include="src\move.h">
      <Filter>Header Files</Filter>
    </ClInclude>
    <ClInclude Include="src\square.h">
      <Filter>Header Files</Filter>
    </ClInclude>
    <ClInclude Include="src\piece.h">
      <Filter>Header Files</Filter>
    </ClInclude>
    <ClInclude Include="src\search.h">
      <Filter>Header Files</Filter>
    </ClInclude>
    <ClInclude Include="src\hashkeys.h">
      <Filter>Header Files</Filter>
    </ClInclude>
    <ClInclude Include="src\lmr.h">
      <Filter>Header Files</Filter>
    </ClInclude>
    <ClInclude Include="src\pv.h">
      <Filter>Header Files</Filter>
    </ClInclude>
    <ClInclude Include="src\limits.h">
      <Filter>Header Files</Filter>
    </ClInclude>
    <ClInclude Include="src\evaldata.h">
      <Filter>Header Files</Filter>
    </ClInclude>
    <ClInclude Include="src\types.h">
      <Filter>Header Files</Filter>
    </ClInclude>
    <ClInclude Include="src\legality.h">
      <Filter>Header Files</Filter>
    </ClInclude>
    <ClInclude Include="src\movepicker.h">
      <Filter>Header Files</Filter>
    </ClInclude>
    <ClInclude Include="src\gen.h">
      <Filter>Header Files</Filter>
    </ClInclude>
    <ClInclude Include="src\position.h">
      <Filter>Header Files</Filter>
    </ClInclude>
    <ClInclude Include="src\score.h">
      <Filter>Header Files</Filter>
    </ClInclude>
    <ClInclude Include="src\api.h">
      <Filter>Header Files</Filter>
    </ClInclude>
  </ItemGroup>
</Project>